// !$*UTF8*$!
{
	archiveVersion = 1;
	classes = {
	};
	objectVersion = 55;
	objects = {

/* Begin PBXBuildFile section */
		9136FF38281E7076005438F4 /* HomeScreen.swift in Sources */ = {isa = PBXBuildFile; fileRef = 9136FF37281E7076005438F4 /* HomeScreen.swift */; };
		9136FF3A281EAF9A005438F4 /* DetailScreen.swift in Sources */ = {isa = PBXBuildFile; fileRef = 9136FF39281EAF9A005438F4 /* DetailScreen.swift */; };
		91662FC728187041002A72FC /* PlayfairDisplay-Bold.ttf in Resources */ = {isa = PBXBuildFile; fileRef = 91662FC528187041002A72FC /* PlayfairDisplay-Bold.ttf */; };
		91662FC828187041002A72FC /* PlayfairDisplay-Bold.ttf in Resources */ = {isa = PBXBuildFile; fileRef = 91662FC528187041002A72FC /* PlayfairDisplay-Bold.ttf */; };
		91662FC928187041002A72FC /* PlayfairDisplay-Regular.ttf in Resources */ = {isa = PBXBuildFile; fileRef = 91662FC628187041002A72FC /* PlayfairDisplay-Regular.ttf */; };
		91662FCA28187041002A72FC /* PlayfairDisplay-Regular.ttf in Resources */ = {isa = PBXBuildFile; fileRef = 91662FC628187041002A72FC /* PlayfairDisplay-Regular.ttf */; };
		91965C372811DDD10053F79C /* Tests_iOS.swift in Sources */ = {isa = PBXBuildFile; fileRef = 91965C362811DDD10053F79C /* Tests_iOS.swift */; };
		91965C392811DDD10053F79C /* Tests_iOSLaunchTests.swift in Sources */ = {isa = PBXBuildFile; fileRef = 91965C382811DDD10053F79C /* Tests_iOSLaunchTests.swift */; };
		91965C432811DDD10053F79C /* Tests_macOS.swift in Sources */ = {isa = PBXBuildFile; fileRef = 91965C422811DDD10053F79C /* Tests_macOS.swift */; };
		91965C452811DDD10053F79C /* Tests_macOSLaunchTests.swift in Sources */ = {isa = PBXBuildFile; fileRef = 91965C442811DDD10053F79C /* Tests_macOSLaunchTests.swift */; };
		91965C462811DDD10053F79C /* SwiftUI_by_SBSApp.swift in Sources */ = {isa = PBXBuildFile; fileRef = 91965C1E2811DDCE0053F79C /* SwiftUI_by_SBSApp.swift */; };
		91965C472811DDD10053F79C /* SwiftUI_by_SBSApp.swift in Sources */ = {isa = PBXBuildFile; fileRef = 91965C1E2811DDCE0053F79C /* SwiftUI_by_SBSApp.swift */; };
		91965C482811DDD10053F79C /* ContentView.swift in Sources */ = {isa = PBXBuildFile; fileRef = 91965C1F2811DDCE0053F79C /* ContentView.swift */; };
		91965C492811DDD10053F79C /* ContentView.swift in Sources */ = {isa = PBXBuildFile; fileRef = 91965C1F2811DDCE0053F79C /* ContentView.swift */; };
		91965C4A2811DDD10053F79C /* Assets.xcassets in Resources */ = {isa = PBXBuildFile; fileRef = 91965C202811DDD10053F79C /* Assets.xcassets */; };
		91965C4B2811DDD10053F79C /* Assets.xcassets in Resources */ = {isa = PBXBuildFile; fileRef = 91965C202811DDD10053F79C /* Assets.xcassets */; };
/* End PBXBuildFile section */

/* Begin PBXContainerItemProxy section */
		91965C332811DDD10053F79C /* PBXContainerItemProxy */ = {
			isa = PBXContainerItemProxy;
			containerPortal = 91965C192811DDCE0053F79C /* Project object */;
			proxyType = 1;
			remoteGlobalIDString = 91965C242811DDD10053F79C;
			remoteInfo = "SwiftUI_by_SBS (iOS)";
		};
		91965C3F2811DDD10053F79C /* PBXContainerItemProxy */ = {
			isa = PBXContainerItemProxy;
			containerPortal = 91965C192811DDCE0053F79C /* Project object */;
			proxyType = 1;
			remoteGlobalIDString = 91965C2A2811DDD10053F79C;
			remoteInfo = "SwiftUI_by_SBS (macOS)";
		};
/* End PBXContainerItemProxy section */

/* Begin PBXFileReference section */
		9136FF37281E7076005438F4 /* HomeScreen.swift */ = {isa = PBXFileReference; lastKnownFileType = sourcecode.swift; path = HomeScreen.swift; sourceTree = "<group>"; };
		9136FF39281EAF9A005438F4 /* DetailScreen.swift */ = {isa = PBXFileReference; lastKnownFileType = sourcecode.swift; path = DetailScreen.swift; sourceTree = "<group>"; };
		91662FC528187041002A72FC /* PlayfairDisplay-Bold.ttf */ = {isa = PBXFileReference; lastKnownFileType = file; path = "PlayfairDisplay-Bold.ttf"; sourceTree = "<group>"; };
		91662FC628187041002A72FC /* PlayfairDisplay-Regular.ttf */ = {isa = PBXFileReference; lastKnownFileType = file; path = "PlayfairDisplay-Regular.ttf"; sourceTree = "<group>"; };
		91965C1E2811DDCE0053F79C /* SwiftUI_by_SBSApp.swift */ = {isa = PBXFileReference; lastKnownFileType = sourcecode.swift; path = SwiftUI_by_SBSApp.swift; sourceTree = "<group>"; };
		91965C1F2811DDCE0053F79C /* ContentView.swift */ = {isa = PBXFileReference; lastKnownFileType = sourcecode.swift; path = ContentView.swift; sourceTree = "<group>"; };
		91965C202811DDD10053F79C /* Assets.xcassets */ = {isa = PBXFileReference; lastKnownFileType = folder.assetcatalog; path = Assets.xcassets; sourceTree = "<group>"; };
		91965C252811DDD10053F79C /* SwiftUI_by_SBS.app */ = {isa = PBXFileReference; explicitFileType = wrapper.application; includeInIndex = 0; path = SwiftUI_by_SBS.app; sourceTree = BUILT_PRODUCTS_DIR; };
		91965C2B2811DDD10053F79C /* SwiftUI_by_SBS.app */ = {isa = PBXFileReference; explicitFileType = wrapper.application; includeInIndex = 0; path = SwiftUI_by_SBS.app; sourceTree = BUILT_PRODUCTS_DIR; };
		91965C2D2811DDD10053F79C /* macOS.entitlements */ = {isa = PBXFileReference; lastKnownFileType = text.plist.entitlements; path = macOS.entitlements; sourceTree = "<group>"; };
		91965C322811DDD10053F79C /* Tests iOS.xctest */ = {isa = PBXFileReference; explicitFileType = wrapper.cfbundle; includeInIndex = 0; path = "Tests iOS.xctest"; sourceTree = BUILT_PRODUCTS_DIR; };
		91965C362811DDD10053F79C /* Tests_iOS.swift */ = {isa = PBXFileReference; lastKnownFileType = sourcecode.swift; path = Tests_iOS.swift; sourceTree = "<group>"; };
		91965C382811DDD10053F79C /* Tests_iOSLaunchTests.swift */ = {isa = PBXFileReference; lastKnownFileType = sourcecode.swift; path = Tests_iOSLaunchTests.swift; sourceTree = "<group>"; };
		91965C3E2811DDD10053F79C /* Tests macOS.xctest */ = {isa = PBXFileReference; explicitFileType = wrapper.cfbundle; includeInIndex = 0; path = "Tests macOS.xctest"; sourceTree = BUILT_PRODUCTS_DIR; };
		91965C422811DDD10053F79C /* Tests_macOS.swift */ = {isa = PBXFileReference; lastKnownFileType = sourcecode.swift; path = Tests_macOS.swift; sourceTree = "<group>"; };
		91965C442811DDD10053F79C /* Tests_macOSLaunchTests.swift */ = {isa = PBXFileReference; lastKnownFileType = sourcecode.swift; path = Tests_macOSLaunchTests.swift; sourceTree = "<group>"; };
/* End PBXFileReference section */

/* Begin PBXFrameworksBuildPhase section */
		91965C222811DDD10053F79C /* Frameworks */ = {
			isa = PBXFrameworksBuildPhase;
			buildActionMask = 2147483647;
			files = (
			);
			runOnlyForDeploymentPostprocessing = 0;
		};
		91965C282811DDD10053F79C /* Frameworks */ = {
			isa = PBXFrameworksBuildPhase;
			buildActionMask = 2147483647;
			files = (
			);
			runOnlyForDeploymentPostprocessing = 0;
		};
		91965C2F2811DDD10053F79C /* Frameworks */ = {
			isa = PBXFrameworksBuildPhase;
			buildActionMask = 2147483647;
			files = (
			);
			runOnlyForDeploymentPostprocessing = 0;
		};
		91965C3B2811DDD10053F79C /* Frameworks */ = {
			isa = PBXFrameworksBuildPhase;
			buildActionMask = 2147483647;
			files = (
			);
			runOnlyForDeploymentPostprocessing = 0;
		};
/* End PBXFrameworksBuildPhase section */

/* Begin PBXGroup section */
		91662FC428187041002A72FC /* Fonts */ = {
			isa = PBXGroup;
			children = (
				91662FC528187041002A72FC /* PlayfairDisplay-Bold.ttf */,
				91662FC628187041002A72FC /* PlayfairDisplay-Regular.ttf */,
			);
			path = Fonts;
			sourceTree = "<group>";
		};
		91965C182811DDCE0053F79C = {
			isa = PBXGroup;
			children = (
				91965C1D2811DDCE0053F79C /* Shared */,
				91965C2C2811DDD10053F79C /* macOS */,
				91965C352811DDD10053F79C /* Tests iOS */,
				91965C412811DDD10053F79C /* Tests macOS */,
				91965C262811DDD10053F79C /* Products */,
			);
			sourceTree = "<group>";
		};
		91965C1D2811DDCE0053F79C /* Shared */ = {
			isa = PBXGroup;
			children = (
				91965C1E2811DDCE0053F79C /* SwiftUI_by_SBSApp.swift */,
				91965C1F2811DDCE0053F79C /* ContentView.swift */,
				91662FC428187041002A72FC /* Fonts */,
				91965C202811DDD10053F79C /* Assets.xcassets */,
				9136FF37281E7076005438F4 /* HomeScreen.swift */,
				9136FF39281EAF9A005438F4 /* DetailScreen.swift */,
			);
			path = Shared;
			sourceTree = "<group>";
		};
		91965C262811DDD10053F79C /* Products */ = {
			isa = PBXGroup;
			children = (
				91965C252811DDD10053F79C /* SwiftUI_by_SBS.app */,
				91965C2B2811DDD10053F79C /* SwiftUI_by_SBS.app */,
				91965C322811DDD10053F79C /* Tests iOS.xctest */,
				91965C3E2811DDD10053F79C /* Tests macOS.xctest */,
			);
			name = Products;
			sourceTree = "<group>";
		};
		91965C2C2811DDD10053F79C /* macOS */ = {
			isa = PBXGroup;
			children = (
				91965C2D2811DDD10053F79C /* macOS.entitlements */,
			);
			path = macOS;
			sourceTree = "<group>";
		};
		91965C352811DDD10053F79C /* Tests iOS */ = {
			isa = PBXGroup;
			children = (
				91965C362811DDD10053F79C /* Tests_iOS.swift */,
				91965C382811DDD10053F79C /* Tests_iOSLaunchTests.swift */,
			);
			path = "Tests iOS";
			sourceTree = "<group>";
		};
		91965C412811DDD10053F79C /* Tests macOS */ = {
			isa = PBXGroup;
			children = (
				91965C422811DDD10053F79C /* Tests_macOS.swift */,
				91965C442811DDD10053F79C /* Tests_macOSLaunchTests.swift */,
			);
			path = "Tests macOS";
			sourceTree = "<group>";
		};
/* End PBXGroup section */

/* Begin PBXNativeTarget section */
		91965C242811DDD10053F79C /* SwiftUI_by_SBS (iOS) */ = {
			isa = PBXNativeTarget;
			buildConfigurationList = 91965C4E2811DDD10053F79C /* Build configuration list for PBXNativeTarget "SwiftUI_by_SBS (iOS)" */;
			buildPhases = (
				91965C212811DDD10053F79C /* Sources */,
				91965C222811DDD10053F79C /* Frameworks */,
				91965C232811DDD10053F79C /* Resources */,
			);
			buildRules = (
			);
			dependencies = (
			);
			name = "SwiftUI_by_SBS (iOS)";
			productName = "SwiftUI_by_SBS (iOS)";
			productReference = 91965C252811DDD10053F79C /* SwiftUI_by_SBS.app */;
			productType = "com.apple.product-type.application";
		};
		91965C2A2811DDD10053F79C /* SwiftUI_by_SBS (macOS) */ = {
			isa = PBXNativeTarget;
			buildConfigurationList = 91965C512811DDD10053F79C /* Build configuration list for PBXNativeTarget "SwiftUI_by_SBS (macOS)" */;
			buildPhases = (
				91965C272811DDD10053F79C /* Sources */,
				91965C282811DDD10053F79C /* Frameworks */,
				91965C292811DDD10053F79C /* Resources */,
			);
			buildRules = (
			);
			dependencies = (
			);
			name = "SwiftUI_by_SBS (macOS)";
			productName = "SwiftUI_by_SBS (macOS)";
			productReference = 91965C2B2811DDD10053F79C /* SwiftUI_by_SBS.app */;
			productType = "com.apple.product-type.application";
		};
		91965C312811DDD10053F79C /* Tests iOS */ = {
			isa = PBXNativeTarget;
			buildConfigurationList = 91965C542811DDD10053F79C /* Build configuration list for PBXNativeTarget "Tests iOS" */;
			buildPhases = (
				91965C2E2811DDD10053F79C /* Sources */,
				91965C2F2811DDD10053F79C /* Frameworks */,
				91965C302811DDD10053F79C /* Resources */,
			);
			buildRules = (
			);
			dependencies = (
				91965C342811DDD10053F79C /* PBXTargetDependency */,
			);
			name = "Tests iOS";
			productName = "Tests iOS";
			productReference = 91965C322811DDD10053F79C /* Tests iOS.xctest */;
			productType = "com.apple.product-type.bundle.ui-testing";
		};
		91965C3D2811DDD10053F79C /* Tests macOS */ = {
			isa = PBXNativeTarget;
			buildConfigurationList = 91965C572811DDD10053F79C /* Build configuration list for PBXNativeTarget "Tests macOS" */;
			buildPhases = (
				91965C3A2811DDD10053F79C /* Sources */,
				91965C3B2811DDD10053F79C /* Frameworks */,
				91965C3C2811DDD10053F79C /* Resources */,
			);
			buildRules = (
			);
			dependencies = (
				91965C402811DDD10053F79C /* PBXTargetDependency */,
			);
			name = "Tests macOS";
			productName = "Tests macOS";
			productReference = 91965C3E2811DDD10053F79C /* Tests macOS.xctest */;
			productType = "com.apple.product-type.bundle.ui-testing";
		};
/* End PBXNativeTarget section */

/* Begin PBXProject section */
		91965C192811DDCE0053F79C /* Project object */ = {
			isa = PBXProject;
			attributes = {
				BuildIndependentTargetsInParallel = 1;
				LastSwiftUpdateCheck = 1320;
				LastUpgradeCheck = 1320;
				TargetAttributes = {
					91965C242811DDD10053F79C = {
						CreatedOnToolsVersion = 13.2.1;
					};
					91965C2A2811DDD10053F79C = {
						CreatedOnToolsVersion = 13.2.1;
					};
					91965C312811DDD10053F79C = {
						CreatedOnToolsVersion = 13.2.1;
						TestTargetID = 91965C242811DDD10053F79C;
					};
					91965C3D2811DDD10053F79C = {
						CreatedOnToolsVersion = 13.2.1;
						TestTargetID = 91965C2A2811DDD10053F79C;
					};
				};
			};
			buildConfigurationList = 91965C1C2811DDCE0053F79C /* Build configuration list for PBXProject "SwiftUI_by_SBS" */;
			compatibilityVersion = "Xcode 13.0";
			developmentRegion = en;
			hasScannedForEncodings = 0;
			knownRegions = (
				en,
				Base,
			);
			mainGroup = 91965C182811DDCE0053F79C;
			productRefGroup = 91965C262811DDD10053F79C /* Products */;
			projectDirPath = "";
			projectRoot = "";
			targets = (
				91965C242811DDD10053F79C /* SwiftUI_by_SBS (iOS) */,
				91965C2A2811DDD10053F79C /* SwiftUI_by_SBS (macOS) */,
				91965C312811DDD10053F79C /* Tests iOS */,
				91965C3D2811DDD10053F79C /* Tests macOS */,
			);
		};
/* End PBXProject section */

/* Begin PBXResourcesBuildPhase section */
		91965C232811DDD10053F79C /* Resources */ = {
			isa = PBXResourcesBuildPhase;
			buildActionMask = 2147483647;
			files = (
				91662FC728187041002A72FC /* PlayfairDisplay-Bold.ttf in Resources */,
				91965C4A2811DDD10053F79C /* Assets.xcassets in Resources */,
				91662FC928187041002A72FC /* PlayfairDisplay-Regular.ttf in Resources */,
			);
			runOnlyForDeploymentPostprocessing = 0;
		};
		91965C292811DDD10053F79C /* Resources */ = {
			isa = PBXResourcesBuildPhase;
			buildActionMask = 2147483647;
			files = (
				91662FC828187041002A72FC /* PlayfairDisplay-Bold.ttf in Resources */,
				91965C4B2811DDD10053F79C /* Assets.xcassets in Resources */,
				91662FCA28187041002A72FC /* PlayfairDisplay-Regular.ttf in Resources */,
			);
			runOnlyForDeploymentPostprocessing = 0;
		};
		91965C302811DDD10053F79C /* Resources */ = {
			isa = PBXResourcesBuildPhase;
			buildActionMask = 2147483647;
			files = (
			);
			runOnlyForDeploymentPostprocessing = 0;
		};
		91965C3C2811DDD10053F79C /* Resources */ = {
			isa = PBXResourcesBuildPhase;
			buildActionMask = 2147483647;
			files = (
			);
			runOnlyForDeploymentPostprocessing = 0;
		};
/* End PBXResourcesBuildPhase section */

/* Begin PBXSourcesBuildPhase section */
		91965C212811DDD10053F79C /* Sources */ = {
			isa = PBXSourcesBuildPhase;
			buildActionMask = 2147483647;
			files = (
				9136FF3A281EAF9A005438F4 /* DetailScreen.swift in Sources */,
				91965C482811DDD10053F79C /* ContentView.swift in Sources */,
				91965C462811DDD10053F79C /* SwiftUI_by_SBSApp.swift in Sources */,
				9136FF38281E7076005438F4 /* HomeScreen.swift in Sources */,
			);
			runOnlyForDeploymentPostprocessing = 0;
		};
		91965C272811DDD10053F79C /* Sources */ = {
			isa = PBXSourcesBuildPhase;
			buildActionMask = 2147483647;
			files = (
				91965C492811DDD10053F79C /* ContentView.swift in Sources */,
				91965C472811DDD10053F79C /* SwiftUI_by_SBSApp.swift in Sources */,
			);
			runOnlyForDeploymentPostprocessing = 0;
		};
		91965C2E2811DDD10053F79C /* Sources */ = {
			isa = PBXSourcesBuildPhase;
			buildActionMask = 2147483647;
			files = (
				91965C392811DDD10053F79C /* Tests_iOSLaunchTests.swift in Sources */,
				91965C372811DDD10053F79C /* Tests_iOS.swift in Sources */,
			);
			runOnlyForDeploymentPostprocessing = 0;
		};
		91965C3A2811DDD10053F79C /* Sources */ = {
			isa = PBXSourcesBuildPhase;
			buildActionMask = 2147483647;
			files = (
				91965C452811DDD10053F79C /* Tests_macOSLaunchTests.swift in Sources */,
				91965C432811DDD10053F79C /* Tests_macOS.swift in Sources */,
			);
			runOnlyForDeploymentPostprocessing = 0;
		};
/* End PBXSourcesBuildPhase section */

/* Begin PBXTargetDependency section */
		91965C342811DDD10053F79C /* PBXTargetDependency */ = {
			isa = PBXTargetDependency;
			target = 91965C242811DDD10053F79C /* SwiftUI_by_SBS (iOS) */;
			targetProxy = 91965C332811DDD10053F79C /* PBXContainerItemProxy */;
		};
		91965C402811DDD10053F79C /* PBXTargetDependency */ = {
			isa = PBXTargetDependency;
			target = 91965C2A2811DDD10053F79C /* SwiftUI_by_SBS (macOS) */;
			targetProxy = 91965C3F2811DDD10053F79C /* PBXContainerItemProxy */;
		};
/* End PBXTargetDependency section */

/* Begin XCBuildConfiguration section */
		91965C4C2811DDD10053F79C /* Debug */ = {
			isa = XCBuildConfiguration;
			buildSettings = {
				ALWAYS_SEARCH_USER_PATHS = NO;
				CLANG_ANALYZER_NONNULL = YES;
				CLANG_ANALYZER_NUMBER_OBJECT_CONVERSION = YES_AGGRESSIVE;
				CLANG_CXX_LANGUAGE_STANDARD = "gnu++17";
				CLANG_CXX_LIBRARY = "libc++";
				CLANG_ENABLE_MODULES = YES;
				CLANG_ENABLE_OBJC_ARC = YES;
				CLANG_ENABLE_OBJC_WEAK = YES;
				CLANG_WARN_BLOCK_CAPTURE_AUTORELEASING = YES;
				CLANG_WARN_BOOL_CONVERSION = YES;
				CLANG_WARN_COMMA = YES;
				CLANG_WARN_CONSTANT_CONVERSION = YES;
				CLANG_WARN_DEPRECATED_OBJC_IMPLEMENTATIONS = YES;
				CLANG_WARN_DIRECT_OBJC_ISA_USAGE = YES_ERROR;
				CLANG_WARN_DOCUMENTATION_COMMENTS = YES;
				CLANG_WARN_EMPTY_BODY = YES;
				CLANG_WARN_ENUM_CONVERSION = YES;
				CLANG_WARN_INFINITE_RECURSION = YES;
				CLANG_WARN_INT_CONVERSION = YES;
				CLANG_WARN_NON_LITERAL_NULL_CONVERSION = YES;
				CLANG_WARN_OBJC_IMPLICIT_RETAIN_SELF = YES;
				CLANG_WARN_OBJC_LITERAL_CONVERSION = YES;
				CLANG_WARN_OBJC_ROOT_CLASS = YES_ERROR;
				CLANG_WARN_QUOTED_INCLUDE_IN_FRAMEWORK_HEADER = YES;
				CLANG_WARN_RANGE_LOOP_ANALYSIS = YES;
				CLANG_WARN_STRICT_PROTOTYPES = YES;
				CLANG_WARN_SUSPICIOUS_MOVE = YES;
				CLANG_WARN_UNGUARDED_AVAILABILITY = YES_AGGRESSIVE;
				CLANG_WARN_UNREACHABLE_CODE = YES;
				CLANG_WARN__DUPLICATE_METHOD_MATCH = YES;
				COPY_PHASE_STRIP = NO;
				DEBUG_INFORMATION_FORMAT = dwarf;
				ENABLE_STRICT_OBJC_MSGSEND = YES;
				ENABLE_TESTABILITY = YES;
				GCC_C_LANGUAGE_STANDARD = gnu11;
				GCC_DYNAMIC_NO_PIC = NO;
				GCC_NO_COMMON_BLOCKS = YES;
				GCC_OPTIMIZATION_LEVEL = 0;
				GCC_PREPROCESSOR_DEFINITIONS = (
					"DEBUG=1",
					"$(inherited)",
				);
				GCC_WARN_64_TO_32_BIT_CONVERSION = YES;
				GCC_WARN_ABOUT_RETURN_TYPE = YES_ERROR;
				GCC_WARN_UNDECLARED_SELECTOR = YES;
				GCC_WARN_UNINITIALIZED_AUTOS = YES_AGGRESSIVE;
				GCC_WARN_UNUSED_FUNCTION = YES;
				GCC_WARN_UNUSED_VARIABLE = YES;
				MTL_ENABLE_DEBUG_INFO = INCLUDE_SOURCE;
				MTL_FAST_MATH = YES;
				ONLY_ACTIVE_ARCH = YES;
				SWIFT_ACTIVE_COMPILATION_CONDITIONS = DEBUG;
				SWIFT_OPTIMIZATION_LEVEL = "-Onone";
			};
			name = Debug;
		};
		91965C4D2811DDD10053F79C /* Release */ = {
			isa = XCBuildConfiguration;
			buildSettings = {
				ALWAYS_SEARCH_USER_PATHS = NO;
				CLANG_ANALYZER_NONNULL = YES;
				CLANG_ANALYZER_NUMBER_OBJECT_CONVERSION = YES_AGGRESSIVE;
				CLANG_CXX_LANGUAGE_STANDARD = "gnu++17";
				CLANG_CXX_LIBRARY = "libc++";
				CLANG_ENABLE_MODULES = YES;
				CLANG_ENABLE_OBJC_ARC = YES;
				CLANG_ENABLE_OBJC_WEAK = YES;
				CLANG_WARN_BLOCK_CAPTURE_AUTORELEASING = YES;
				CLANG_WARN_BOOL_CONVERSION = YES;
				CLANG_WARN_COMMA = YES;
				CLANG_WARN_CONSTANT_CONVERSION = YES;
				CLANG_WARN_DEPRECATED_OBJC_IMPLEMENTATIONS = YES;
				CLANG_WARN_DIRECT_OBJC_ISA_USAGE = YES_ERROR;
				CLANG_WARN_DOCUMENTATION_COMMENTS = YES;
				CLANG_WARN_EMPTY_BODY = YES;
				CLANG_WARN_ENUM_CONVERSION = YES;
				CLANG_WARN_INFINITE_RECURSION = YES;
				CLANG_WARN_INT_CONVERSION = YES;
				CLANG_WARN_NON_LITERAL_NULL_CONVERSION = YES;
				CLANG_WARN_OBJC_IMPLICIT_RETAIN_SELF = YES;
				CLANG_WARN_OBJC_LITERAL_CONVERSION = YES;
				CLANG_WARN_OBJC_ROOT_CLASS = YES_ERROR;
				CLANG_WARN_QUOTED_INCLUDE_IN_FRAMEWORK_HEADER = YES;
				CLANG_WARN_RANGE_LOOP_ANALYSIS = YES;
				CLANG_WARN_STRICT_PROTOTYPES = YES;
				CLANG_WARN_SUSPICIOUS_MOVE = YES;
				CLANG_WARN_UNGUARDED_AVAILABILITY = YES_AGGRESSIVE;
				CLANG_WARN_UNREACHABLE_CODE = YES;
				CLANG_WARN__DUPLICATE_METHOD_MATCH = YES;
				COPY_PHASE_STRIP = NO;
				DEBUG_INFORMATION_FORMAT = "dwarf-with-dsym";
				ENABLE_NS_ASSERTIONS = NO;
				ENABLE_STRICT_OBJC_MSGSEND = YES;
				GCC_C_LANGUAGE_STANDARD = gnu11;
				GCC_NO_COMMON_BLOCKS = YES;
				GCC_WARN_64_TO_32_BIT_CONVERSION = YES;
				GCC_WARN_ABOUT_RETURN_TYPE = YES_ERROR;
				GCC_WARN_UNDECLARED_SELECTOR = YES;
				GCC_WARN_UNINITIALIZED_AUTOS = YES_AGGRESSIVE;
				GCC_WARN_UNUSED_FUNCTION = YES;
				GCC_WARN_UNUSED_VARIABLE = YES;
				MTL_ENABLE_DEBUG_INFO = NO;
				MTL_FAST_MATH = YES;
				SWIFT_COMPILATION_MODE = wholemodule;
				SWIFT_OPTIMIZATION_LEVEL = "-O";
			};
			name = Release;
		};
		91965C4F2811DDD10053F79C /* Debug */ = {
			isa = XCBuildConfiguration;
			buildSettings = {
				ASSETCATALOG_COMPILER_APPICON_NAME = AppIcon;
				ASSETCATALOG_COMPILER_GLOBAL_ACCENT_COLOR_NAME = AccentColor;
				CODE_SIGN_STYLE = Automatic;
				CURRENT_PROJECT_VERSION = 1;
				DEVELOPMENT_TEAM = 2NHPQMMT47;
				ENABLE_PREVIEWS = YES;
				GENERATE_INFOPLIST_FILE = YES;
				INFOPLIST_KEY_UIApplicationSceneManifest_Generation = YES;
				INFOPLIST_KEY_UIApplicationSupportsIndirectInputEvents = YES;
				INFOPLIST_KEY_UILaunchScreen_Generation = YES;
				INFOPLIST_KEY_UISupportedInterfaceOrientations_iPad = "UIInterfaceOrientationPortrait UIInterfaceOrientationPortraitUpsideDown UIInterfaceOrientationLandscapeLeft UIInterfaceOrientationLandscapeRight";
				INFOPLIST_KEY_UISupportedInterfaceOrientations_iPhone = "UIInterfaceOrientationPortrait UIInterfaceOrientationLandscapeLeft UIInterfaceOrientationLandscapeRight";
				IPHONEOS_DEPLOYMENT_TARGET = 15.2;
				LD_RUNPATH_SEARCH_PATHS = (
					"$(inherited)",
					"@executable_path/Frameworks",
				);
				MARKETING_VERSION = 1.0;
				PRODUCT_BUNDLE_IDENTIFIER = "com.help.SwiftUI-by-SBS";
				PRODUCT_NAME = SwiftUI_by_SBS;
				SDKROOT = iphoneos;
				SWIFT_EMIT_LOC_STRINGS = YES;
				SWIFT_VERSION = 5.0;
				TARGETED_DEVICE_FAMILY = "1,2";
			};
			name = Debug;
		};
		91965C502811DDD10053F79C /* Release */ = {
			isa = XCBuildConfiguration;
			buildSettings = {
				ASSETCATALOG_COMPILER_APPICON_NAME = AppIcon;
				ASSETCATALOG_COMPILER_GLOBAL_ACCENT_COLOR_NAME = AccentColor;
				CODE_SIGN_STYLE = Automatic;
				CURRENT_PROJECT_VERSION = 1;
				DEVELOPMENT_TEAM = 2NHPQMMT47;
				ENABLE_PREVIEWS = YES;
				GENERATE_INFOPLIST_FILE = YES;
				INFOPLIST_KEY_UIApplicationSceneManifest_Generation = YES;
				INFOPLIST_KEY_UIApplicationSupportsIndirectInputEvents = YES;
				INFOPLIST_KEY_UILaunchScreen_Generation = YES;
				INFOPLIST_KEY_UISupportedInterfaceOrientations_iPad = "UIInterfaceOrientationPortrait UIInterfaceOrientationPortraitUpsideDown UIInterfaceOrientationLandscapeLeft UIInterfaceOrientationLandscapeRight";
				INFOPLIST_KEY_UISupportedInterfaceOrientations_iPhone = "UIInterfaceOrientationPortrait UIInterfaceOrientationLandscapeLeft UIInterfaceOrientationLandscapeRight";
				IPHONEOS_DEPLOYMENT_TARGET = 15.2;
				LD_RUNPATH_SEARCH_PATHS = (
					"$(inherited)",
					"@executable_path/Frameworks",
				);
				MARKETING_VERSION = 1.0;
				PRODUCT_BUNDLE_IDENTIFIER = "com.help.SwiftUI-by-SBS";
				PRODUCT_NAME = SwiftUI_by_SBS;
				SDKROOT = iphoneos;
				SWIFT_EMIT_LOC_STRINGS = YES;
				SWIFT_VERSION = 5.0;
				TARGETED_DEVICE_FAMILY = "1,2";
				VALIDATE_PRODUCT = YES;
			};
			name = Release;
		};
		91965C522811DDD10053F79C /* Debug */ = {
			isa = XCBuildConfiguration;
			buildSettings = {
				ASSETCATALOG_COMPILER_APPICON_NAME = AppIcon;
				ASSETCATALOG_COMPILER_GLOBAL_ACCENT_COLOR_NAME = AccentColor;
				CODE_SIGN_ENTITLEMENTS = macOS/macOS.entitlements;
				CODE_SIGN_STYLE = Automatic;
				COMBINE_HIDPI_IMAGES = YES;
				CURRENT_PROJECT_VERSION = 1;
				DEVELOPMENT_TEAM = 2NHPQMMT47;
				ENABLE_PREVIEWS = YES;
				GENERATE_INFOPLIST_FILE = YES;
				INFOPLIST_KEY_NSHumanReadableCopyright = "";
				LD_RUNPATH_SEARCH_PATHS = (
					"$(inherited)",
					"@executable_path/../Frameworks",
				);
				MACOSX_DEPLOYMENT_TARGET = 11.4;
				MARKETING_VERSION = 1.0;
				PRODUCT_BUNDLE_IDENTIFIER = "com.help.SwiftUI-by-SBS";
				PRODUCT_NAME = SwiftUI_by_SBS;
				SDKROOT = macosx;
				SWIFT_EMIT_LOC_STRINGS = YES;
				SWIFT_VERSION = 5.0;
			};
			name = Debug;
		};
		91965C532811DDD10053F79C /* Release */ = {
			isa = XCBuildConfiguration;
			buildSettings = {
				ASSETCATALOG_COMPILER_APPICON_NAME = AppIcon;
				ASSETCATALOG_COMPILER_GLOBAL_ACCENT_COLOR_NAME = AccentColor;
				CODE_SIGN_ENTITLEMENTS = macOS/macOS.entitlements;
				CODE_SIGN_STYLE = Automatic;
				COMBINE_HIDPI_IMAGES = YES;
				CURRENT_PROJECT_VERSION = 1;
				DEVELOPMENT_TEAM = 2NHPQMMT47;
				ENABLE_PREVIEWS = YES;
				GENERATE_INFOPLIST_FILE = YES;
				INFOPLIST_KEY_NSHumanReadableCopyright = "";
				LD_RUNPATH_SEARCH_PATHS = (
					"$(inherited)",
					"@executable_path/../Frameworks",
				);
				MACOSX_DEPLOYMENT_TARGET = 11.4;
				MARKETING_VERSION = 1.0;
				PRODUCT_BUNDLE_IDENTIFIER = "com.help.SwiftUI-by-SBS";
				PRODUCT_NAME = SwiftUI_by_SBS;
				SDKROOT = macosx;
				SWIFT_EMIT_LOC_STRINGS = YES;
				SWIFT_VERSION = 5.0;
			};
			name = Release;
		};
		91965C552811DDD10053F79C /* Debug */ = {
			isa = XCBuildConfiguration;
			buildSettings = {
				ALWAYS_EMBED_SWIFT_STANDARD_LIBRARIES = YES;
				CODE_SIGN_STYLE = Automatic;
				CURRENT_PROJECT_VERSION = 1;
				GENERATE_INFOPLIST_FILE = YES;
				IPHONEOS_DEPLOYMENT_TARGET = 15.2;
				MARKETING_VERSION = 1.0;
				PRODUCT_BUNDLE_IDENTIFIER = "com.help.Tests-iOS";
				PRODUCT_NAME = "$(TARGET_NAME)";
				SDKROOT = iphoneos;
				SWIFT_EMIT_LOC_STRINGS = NO;
				SWIFT_VERSION = 5.0;
				TARGETED_DEVICE_FAMILY = "1,2";
				TEST_TARGET_NAME = "SwiftUI_by_SBS (iOS)";
			};
			name = Debug;
		};
		91965C562811DDD10053F79C /* Release */ = {
			isa = XCBuildConfiguration;
			buildSettings = {
				ALWAYS_EMBED_SWIFT_STANDARD_LIBRARIES = YES;
				CODE_SIGN_STYLE = Automatic;
				CURRENT_PROJECT_VERSION = 1;
				GENERATE_INFOPLIST_FILE = YES;
				IPHONEOS_DEPLOYMENT_TARGET = 15.2;
				MARKETING_VERSION = 1.0;
				PRODUCT_BUNDLE_IDENTIFIER = "com.help.Tests-iOS";
				PRODUCT_NAME = "$(TARGET_NAME)";
				SDKROOT = iphoneos;
				SWIFT_EMIT_LOC_STRINGS = NO;
				SWIFT_VERSION = 5.0;
				TARGETED_DEVICE_FAMILY = "1,2";
				TEST_TARGET_NAME = "SwiftUI_by_SBS (iOS)";
				VALIDATE_PRODUCT = YES;
			};
			name = Release;
		};
		91965C582811DDD10053F79C /* Debug */ = {
			isa = XCBuildConfiguration;
			buildSettings = {
				ALWAYS_EMBED_SWIFT_STANDARD_LIBRARIES = YES;
				CODE_SIGN_STYLE = Automatic;
				CURRENT_PROJECT_VERSION = 1;
				GENERATE_INFOPLIST_FILE = YES;
				MACOSX_DEPLOYMENT_TARGET = 11.4;
				MARKETING_VERSION = 1.0;
				PRODUCT_BUNDLE_IDENTIFIER = "com.help.Tests-macOS";
				PRODUCT_NAME = "$(TARGET_NAME)";
				SDKROOT = macosx;
				SWIFT_EMIT_LOC_STRINGS = NO;
				SWIFT_VERSION = 5.0;
				TEST_TARGET_NAME = "SwiftUI_by_SBS (macOS)";
			};
			name = Debug;
		};
		91965C592811DDD10053F79C /* Release */ = {
			isa = XCBuildConfiguration;
			buildSettings = {
				ALWAYS_EMBED_SWIFT_STANDARD_LIBRARIES = YES;
				CODE_SIGN_STYLE = Automatic;
				CURRENT_PROJECT_VERSION = 1;
				GENERATE_INFOPLIST_FILE = YES;
				MACOSX_DEPLOYMENT_TARGET = 11.4;
				MARKETING_VERSION = 1.0;
				PRODUCT_BUNDLE_IDENTIFIER = "com.help.Tests-macOS";
				PRODUCT_NAME = "$(TARGET_NAME)";
				SDKROOT = macosx;
				SWIFT_EMIT_LOC_STRINGS = NO;
				SWIFT_VERSION = 5.0;
				TEST_TARGET_NAME = "SwiftUI_by_SBS (macOS)";
			};
			name = Release;
		};
/* End XCBuildConfiguration section */

/* Begin XCConfigurationList section */
		91965C1C2811DDCE0053F79C /* Build configuration list for PBXProject "SwiftUI_by_SBS" */ = {
			isa = XCConfigurationList;
			buildConfigurations = (
				91965C4C2811DDD10053F79C /* Debug */,
				91965C4D2811DDD10053F79C /* Release */,
			);
			defaultConfigurationIsVisible = 0;
			defaultConfigurationName = Release;
		};
		91965C4E2811DDD10053F79C /* Build configuration list for PBXNativeTarget "SwiftUI_by_SBS (iOS)" */ = {
			isa = XCConfigurationList;
			buildConfigurations = (
				91965C4F2811DDD10053F79C /* Debug */,
				91965C502811DDD10053F79C /* Release */,
			);
			defaultConfigurationIsVisible = 0;
			defaultConfigurationName = Release;
		};
		91965C512811DDD10053F79C /* Build configuration list for PBXNativeTarget "SwiftUI_by_SBS (macOS)" */ = {
			isa = XCConfigurationList;
			buildConfigurations = (
				91965C522811DDD10053F79C /* Debug */,
				91965C532811DDD10053F79C /* Release */,
			);
			defaultConfigurationIsVisible = 0;
			defaultConfigurationName = Release;
		};
		91965C542811DDD10053F79C /* Build configuration list for PBXNativeTarget "Tests iOS" */ = {
			isa = XCConfigurationList;
			buildConfigurations = (
				91965C552811DDD10053F79C /* Debug */,
				91965C562811DDD10053F79C /* Release */,
			);
			defaultConfigurationIsVisible = 0;
			defaultConfigurationName = Release;
		};
		91965C572811DDD10053F79C /* Build configuration list for PBXNativeTarget "Tests macOS" */ = {
			isa = XCConfigurationList;
			buildConfigurations = (
				91965C582811DDD10053F79C /* Debug */,
				91965C592811DDD10053F79C /* Release */,
			);
			defaultConfigurationIsVisible = 0;
			defaultConfigurationName = Release;
		};
/* End XCConfigurationList section */
	};
	rootObject = 91965C192811DDCE0053F79C /* Project object */;
}
